
Microsoft Visual Studio Solution File, Format Version 12.00
# Visual Studio 14
VisualStudioVersion = 14.0.24720.0
MinimumVisualStudioVersion = 10.0.40219.1
Project("{FAE04EC0-301F-11D3-BF4B-00C04F79EFBC}") = "MTS10SMS", "MTS10SMS\MTS10SMS\MTS10SMS.csproj", "{B51E394B-40BB-4960-98D2-DCDAB67D3308}"
EndProject
Project("{FAE04EC0-301F-11D3-BF4B-00C04F79EFBC}") = "MTS10SMS.iOS", "MTS10SMS\MTS10SMS.iOS\MTS10SMS.iOS.csproj", "{BBA0EF7B-3C71-4280-97C6-79A96B59054A}"
EndProject
Project("{FAE04EC0-301F-11D3-BF4B-00C04F79EFBC}") = "MTS10SMS.Droid", "MTS10SMS\MTS10SMS.Droid\MTS10SMS.Droid.csproj", "{44E86AB6-52C7-422C-AB46-415451A350AA}"
EndProject
Project("{FAE04EC0-301F-11D3-BF4B-00C04F79EFBC}") = "MTS10SMS.WinPhone", "MTS10SMS\MTS10SMS.WinPhone\MTS10SMS.WinPhone.csproj", "{F2ED3A9D-8548-43FF-8DE5-3B946252052E}"
EndProject
Project("{FAE04EC0-301F-11D3-BF4B-00C04F79EFBC}") = "MTS10SMS.UWP", "MTS10SMS\MTS10SMS.UWP\MTS10SMS.UWP.csproj", "{687E62A9-2738-4A80-A27F-C43436AEFD9C}"
EndProject
Project("{FAE04EC0-301F-11D3-BF4B-00C04F79EFBC}") = "HtmlAgilityPack.Universal", "MTS10SMS\HtmlAgilityPack.Universal\HtmlAgilityPack.Universal.csproj", "{B1D6F70C-BA1F-47D7-ADD5-5B8A6DD54E54}"
EndProject
Global
	GlobalSection(SolutionConfigurationPlatforms) = preSolution
		Ad-Hoc|Any CPU = Ad-Hoc|Any CPU
		Ad-Hoc|ARM = Ad-Hoc|ARM
		Ad-Hoc|iPhone = Ad-Hoc|iPhone
		Ad-Hoc|iPhoneSimulator = Ad-Hoc|iPhoneSimulator
		Ad-Hoc|x64 = Ad-Hoc|x64
		Ad-Hoc|x86 = Ad-Hoc|x86
		AppStore|Any CPU = AppStore|Any CPU
		AppStore|ARM = AppStore|ARM
		AppStore|iPhone = AppStore|iPhone
		AppStore|iPhoneSimulator = AppStore|iPhoneSimulator
		AppStore|x64 = AppStore|x64
		AppStore|x86 = AppStore|x86
		Debug|Any CPU = Debug|Any CPU
		Debug|ARM = Debug|ARM
		Debug|iPhone = Debug|iPhone
		Debug|iPhoneSimulator = Debug|iPhoneSimulator
		Debug|x64 = Debug|x64
		Debug|x86 = Debug|x86
		Release|Any CPU = Release|Any CPU
		Release|ARM = Release|ARM
		Release|iPhone = Release|iPhone
		Release|iPhoneSimulator = Release|iPhoneSimulator
		Release|x64 = Release|x64
		Release|x86 = Release|x86
	EndGlobalSection
	GlobalSection(ProjectConfigurationPlatforms) = postSolution
		{B51E394B-40BB-4960-98D2-DCDAB67D3308}.Ad-Hoc|Any CPU.ActiveCfg = Release|Any CPU
		{B51E394B-40BB-4960-98D2-DCDAB67D3308}.Ad-Hoc|Any CPU.Build.0 = Release|Any CPU
		{B51E394B-40BB-4960-98D2-DCDAB67D3308}.Ad-Hoc|ARM.ActiveCfg = Release|Any CPU
		{B51E394B-40BB-4960-98D2-DCDAB67D3308}.Ad-Hoc|ARM.Build.0 = Release|Any CPU
		{B51E394B-40BB-4960-98D2-DCDAB67D3308}.Ad-Hoc|iPhone.ActiveCfg = Release|Any CPU
		{B51E394B-40BB-4960-98D2-DCDAB67D3308}.Ad-Hoc|iPhone.Build.0 = Release|Any CPU
		{B51E394B-40BB-4960-98D2-DCDAB67D3308}.Ad-Hoc|iPhoneSimulator.ActiveCfg = Release|Any CPU
		{B51E394B-40BB-4960-98D2-DCDAB67D3308}.Ad-Hoc|iPhoneSimulator.Build.0 = Release|Any CPU
		{B51E394B-40BB-4960-98D2-DCDAB67D3308}.Ad-Hoc|x64.ActiveCfg = Debug|Any CPU
		{B51E394B-40BB-4960-98D2-DCDAB67D3308}.Ad-Hoc|x64.Build.0 = Debug|Any CPU
		{B51E394B-40BB-4960-98D2-DCDAB67D3308}.Ad-Hoc|x86.ActiveCfg = Release|Any CPU
		{B51E394B-40BB-4960-98D2-DCDAB67D3308}.Ad-Hoc|x86.Build.0 = Release|Any CPU
		{B51E394B-40BB-4960-98D2-DCDAB67D3308}.AppStore|Any CPU.ActiveCfg = Release|Any CPU
		{B51E394B-40BB-4960-98D2-DCDAB67D3308}.AppStore|Any CPU.Build.0 = Release|Any CPU
		{B51E394B-40BB-4960-98D2-DCDAB67D3308}.AppStore|ARM.ActiveCfg = Release|Any CPU
		{B51E394B-40BB-4960-98D2-DCDAB67D3308}.AppStore|ARM.Build.0 = Release|Any CPU
		{B51E394B-40BB-4960-98D2-DCDAB67D3308}.AppStore|iPhone.ActiveCfg = Release|Any CPU
		{B51E394B-40BB-4960-98D2-DCDAB67D3308}.AppStore|iPhone.Build.0 = Release|Any CPU
		{B51E394B-40BB-4960-98D2-DCDAB67D3308}.AppStore|iPhoneSimulator.ActiveCfg = Release|Any CPU
		{B51E394B-40BB-4960-98D2-DCDAB67D3308}.AppStore|iPhoneSimulator.Build.0 = Release|Any CPU
		{B51E394B-40BB-4960-98D2-DCDAB67D3308}.AppStore|x64.ActiveCfg = Debug|Any CPU
		{B51E394B-40BB-4960-98D2-DCDAB67D3308}.AppStore|x64.Build.0 = Debug|Any CPU
		{B51E394B-40BB-4960-98D2-DCDAB67D3308}.AppStore|x86.ActiveCfg = Release|Any CPU
		{B51E394B-40BB-4960-98D2-DCDAB67D3308}.AppStore|x86.Build.0 = Release|Any CPU
		{B51E394B-40BB-4960-98D2-DCDAB67D3308}.Debug|Any CPU.ActiveCfg = Debug|Any CPU
		{B51E394B-40BB-4960-98D2-DCDAB67D3308}.Debug|Any CPU.Build.0 = Debug|Any CPU
		{B51E394B-40BB-4960-98D2-DCDAB67D3308}.Debug|ARM.ActiveCfg = Debug|Any CPU
		{B51E394B-40BB-4960-98D2-DCDAB67D3308}.Debug|ARM.Build.0 = Debug|Any CPU
		{B51E394B-40BB-4960-98D2-DCDAB67D3308}.Debug|iPhone.ActiveCfg = Debug|Any CPU
		{B51E394B-40BB-4960-98D2-DCDAB67D3308}.Debug|iPhone.Build.0 = Debug|Any CPU
		{B51E394B-40BB-4960-98D2-DCDAB67D3308}.Debug|iPhoneSimulator.ActiveCfg = Debug|Any CPU
		{B51E394B-40BB-4960-98D2-DCDAB67D3308}.Debug|iPhoneSimulator.Build.0 = Debug|Any CPU
		{B51E394B-40BB-4960-98D2-DCDAB67D3308}.Debug|x64.ActiveCfg = Debug|Any CPU
		{B51E394B-40BB-4960-98D2-DCDAB67D3308}.Debug|x64.Build.0 = Debug|Any CPU
		{B51E394B-40BB-4960-98D2-DCDAB67D3308}.Debug|x86.ActiveCfg = Debug|Any CPU
		{B51E394B-40BB-4960-98D2-DCDAB67D3308}.Debug|x86.Build.0 = Debug|Any CPU
		{B51E394B-40BB-4960-98D2-DCDAB67D3308}.Release|Any CPU.ActiveCfg = Release|Any CPU
		{B51E394B-40BB-4960-98D2-DCDAB67D3308}.Release|Any CPU.Build.0 = Release|Any CPU
		{B51E394B-40BB-4960-98D2-DCDAB67D3308}.Release|ARM.ActiveCfg = Release|Any CPU
		{B51E394B-40BB-4960-98D2-DCDAB67D3308}.Release|ARM.Build.0 = Release|Any CPU
		{B51E394B-40BB-4960-98D2-DCDAB67D3308}.Release|iPhone.ActiveCfg = Release|Any CPU
		{B51E394B-40BB-4960-98D2-DCDAB67D3308}.Release|iPhone.Build.0 = Release|Any CPU
		{B51E394B-40BB-4960-98D2-DCDAB67D3308}.Release|iPhoneSimulator.ActiveCfg = Release|Any CPU
		{B51E394B-40BB-4960-98D2-DCDAB67D3308}.Release|iPhoneSimulator.Build.0 = Release|Any CPU
		{B51E394B-40BB-4960-98D2-DCDAB67D3308}.Release|x64.ActiveCfg = Release|Any CPU
		{B51E394B-40BB-4960-98D2-DCDAB67D3308}.Release|x64.Build.0 = Release|Any CPU
		{B51E394B-40BB-4960-98D2-DCDAB67D3308}.Release|x86.ActiveCfg = Release|Any CPU
		{B51E394B-40BB-4960-98D2-DCDAB67D3308}.Release|x86.Build.0 = Release|Any CPU
		{BBA0EF7B-3C71-4280-97C6-79A96B59054A}.Ad-Hoc|Any CPU.ActiveCfg = Ad-Hoc|iPhone
		{BBA0EF7B-3C71-4280-97C6-79A96B59054A}.Ad-Hoc|ARM.ActiveCfg = Ad-Hoc|iPhone
		{BBA0EF7B-3C71-4280-97C6-79A96B59054A}.Ad-Hoc|iPhone.ActiveCfg = Ad-Hoc|iPhone
		{BBA0EF7B-3C71-4280-97C6-79A96B59054A}.Ad-Hoc|iPhone.Build.0 = Ad-Hoc|iPhone
		{BBA0EF7B-3C71-4280-97C6-79A96B59054A}.Ad-Hoc|iPhoneSimulator.ActiveCfg = Ad-Hoc|iPhoneSimulator
		{BBA0EF7B-3C71-4280-97C6-79A96B59054A}.Ad-Hoc|iPhoneSimulator.Build.0 = Ad-Hoc|iPhoneSimulator
		{BBA0EF7B-3C71-4280-97C6-79A96B59054A}.Ad-Hoc|x64.ActiveCfg = Ad-Hoc|iPhoneSimulator
		{BBA0EF7B-3C71-4280-97C6-79A96B59054A}.Ad-Hoc|x86.ActiveCfg = Ad-Hoc|iPhone
		{BBA0EF7B-3C71-4280-97C6-79A96B59054A}.AppStore|Any CPU.ActiveCfg = AppStore|iPhone
		{BBA0EF7B-3C71-4280-97C6-79A96B59054A}.AppStore|ARM.ActiveCfg = AppStore|iPhone
		{BBA0EF7B-3C71-4280-97C6-79A96B59054A}.AppStore|iPhone.ActiveCfg = AppStore|iPhone
		{BBA0EF7B-3C71-4280-97C6-79A96B59054A}.AppStore|iPhone.Build.0 = AppStore|iPhone
		{BBA0EF7B-3C71-4280-97C6-79A96B59054A}.AppStore|iPhoneSimulator.ActiveCfg = AppStore|iPhoneSimulator
		{BBA0EF7B-3C71-4280-97C6-79A96B59054A}.AppStore|iPhoneSimulator.Build.0 = AppStore|iPhoneSimulator
		{BBA0EF7B-3C71-4280-97C6-79A96B59054A}.AppStore|x64.ActiveCfg = AppStore|iPhoneSimulator
		{BBA0EF7B-3C71-4280-97C6-79A96B59054A}.AppStore|x86.ActiveCfg = AppStore|iPhone
		{BBA0EF7B-3C71-4280-97C6-79A96B59054A}.Debug|Any CPU.ActiveCfg = Debug|iPhone
		{BBA0EF7B-3C71-4280-97C6-79A96B59054A}.Debug|ARM.ActiveCfg = Debug|iPhone
		{BBA0EF7B-3C71-4280-97C6-79A96B59054A}.Debug|iPhone.ActiveCfg = Debug|iPhone
		{BBA0EF7B-3C71-4280-97C6-79A96B59054A}.Debug|iPhone.Build.0 = Debug|iPhone
		{BBA0EF7B-3C71-4280-97C6-79A96B59054A}.Debug|iPhoneSimulator.ActiveCfg = Debug|iPhoneSimulator
		{BBA0EF7B-3C71-4280-97C6-79A96B59054A}.Debug|iPhoneSimulator.Build.0 = Debug|iPhoneSimulator
		{BBA0EF7B-3C71-4280-97C6-79A96B59054A}.Debug|x64.ActiveCfg = Debug|iPhoneSimulator
		{BBA0EF7B-3C71-4280-97C6-79A96B59054A}.Debug|x86.ActiveCfg = Debug|iPhone
		{BBA0EF7B-3C71-4280-97C6-79A96B59054A}.Release|Any CPU.ActiveCfg = Release|iPhone
		{BBA0EF7B-3C71-4280-97C6-79A96B59054A}.Release|ARM.ActiveCfg = Release|iPhone
		{BBA0EF7B-3C71-4280-97C6-79A96B59054A}.Release|iPhone.ActiveCfg = Release|iPhone
		{BBA0EF7B-3C71-4280-97C6-79A96B59054A}.Release|iPhone.Build.0 = Release|iPhone
		{BBA0EF7B-3C71-4280-97C6-79A96B59054A}.Release|iPhoneSimulator.ActiveCfg = Release|iPhoneSimulator
		{BBA0EF7B-3C71-4280-97C6-79A96B59054A}.Release|iPhoneSimulator.Build.0 = Release|iPhoneSimulator
		{BBA0EF7B-3C71-4280-97C6-79A96B59054A}.Release|x64.ActiveCfg = Release|iPhoneSimulator
		{BBA0EF7B-3C71-4280-97C6-79A96B59054A}.Release|x86.ActiveCfg = Release|iPhone
		{44E86AB6-52C7-422C-AB46-415451A350AA}.Ad-Hoc|Any CPU.ActiveCfg = Release|Any CPU
		{44E86AB6-52C7-422C-AB46-415451A350AA}.Ad-Hoc|Any CPU.Build.0 = Release|Any CPU
		{44E86AB6-52C7-422C-AB46-415451A350AA}.Ad-Hoc|Any CPU.Deploy.0 = Release|Any CPU
		{44E86AB6-52C7-422C-AB46-415451A350AA}.Ad-Hoc|ARM.ActiveCfg = Release|Any CPU
		{44E86AB6-52C7-422C-AB46-415451A350AA}.Ad-Hoc|ARM.Build.0 = Release|Any CPU
		{44E86AB6-52C7-422C-AB46-415451A350AA}.Ad-Hoc|ARM.Deploy.0 = Release|Any CPU
		{44E86AB6-52C7-422C-AB46-415451A350AA}.Ad-Hoc|iPhone.ActiveCfg = Release|Any CPU
		{44E86AB6-52C7-422C-AB46-415451A350AA}.Ad-Hoc|iPhone.Build.0 = Release|Any CPU
		{44E86AB6-52C7-422C-AB46-415451A350AA}.Ad-Hoc|iPhone.Deploy.0 = Release|Any CPU
		{44E86AB6-52C7-422C-AB46-415451A350AA}.Ad-Hoc|iPhoneSimulator.ActiveCfg = Release|Any CPU
		{44E86AB6-52C7-422C-AB46-415451A350AA}.Ad-Hoc|iPhoneSimulator.Build.0 = Release|Any CPU
		{44E86AB6-52C7-422C-AB46-415451A350AA}.Ad-Hoc|iPhoneSimulator.Deploy.0 = Release|Any CPU
		{44E86AB6-52C7-422C-AB46-415451A350AA}.Ad-Hoc|x64.ActiveCfg = Debug|Any CPU
		{44E86AB6-52C7-422C-AB46-415451A350AA}.Ad-Hoc|x64.Build.0 = Debug|Any CPU
		{44E86AB6-52C7-422C-AB46-415451A350AA}.Ad-Hoc|x64.Deploy.0 = Debug|Any CPU
		{44E86AB6-52C7-422C-AB46-415451A350AA}.Ad-Hoc|x86.ActiveCfg = Release|Any CPU
		{44E86AB6-52C7-422C-AB46-415451A350AA}.Ad-Hoc|x86.Build.0 = Release|Any CPU
		{44E86AB6-52C7-422C-AB46-415451A350AA}.Ad-Hoc|x86.Deploy.0 = Release|Any CPU
		{44E86AB6-52C7-422C-AB46-415451A350AA}.AppStore|Any CPU.ActiveCfg = Release|Any CPU
		{44E86AB6-52C7-422C-AB46-415451A350AA}.AppStore|Any CPU.Build.0 = Release|Any CPU
		{44E86AB6-52C7-422C-AB46-415451A350AA}.AppStore|Any CPU.Deploy.0 = Release|Any CPU
		{44E86AB6-52C7-422C-AB46-415451A350AA}.AppStore|ARM.ActiveCfg = Release|Any CPU
		{44E86AB6-52C7-422C-AB46-415451A350AA}.AppStore|ARM.Build.0 = Release|Any CPU
		{44E86AB6-52C7-422C-AB46-415451A350AA}.AppStore|ARM.Deploy.0 = Release|Any CPU
		{44E86AB6-52C7-422C-AB46-415451A350AA}.AppStore|iPhone.ActiveCfg = Release|Any CPU
		{44E86AB6-52C7-422C-AB46-415451A350AA}.AppStore|iPhone.Build.0 = Release|Any CPU
		{44E86AB6-52C7-422C-AB46-415451A350AA}.AppStore|iPhone.Deploy.0 = Release|Any CPU
		{44E86AB6-52C7-422C-AB46-415451A350AA}.AppStore|iPhoneSimulator.ActiveCfg = Release|Any CPU
		{44E86AB6-52C7-422C-AB46-415451A350AA}.AppStore|iPhoneSimulator.Build.0 = Release|Any CPU
		{44E86AB6-52C7-422C-AB46-415451A350AA}.AppStore|iPhoneSimulator.Deploy.0 = Release|Any CPU
		{44E86AB6-52C7-422C-AB46-415451A350AA}.AppStore|x64.ActiveCfg = Debug|Any CPU
		{44E86AB6-52C7-422C-AB46-415451A350AA}.AppStore|x64.Build.0 = Debug|Any CPU
		{44E86AB6-52C7-422C-AB46-415451A350AA}.AppStore|x64.Deploy.0 = Debug|Any CPU
		{44E86AB6-52C7-422C-AB46-415451A350AA}.AppStore|x86.ActiveCfg = Release|Any CPU
		{44E86AB6-52C7-422C-AB46-415451A350AA}.AppStore|x86.Build.0 = Release|Any CPU
		{44E86AB6-52C7-422C-AB46-415451A350AA}.AppStore|x86.Deploy.0 = Release|Any CPU
		{44E86AB6-52C7-422C-AB46-415451A350AA}.Debug|Any CPU.ActiveCfg = Debug|Any CPU
		{44E86AB6-52C7-422C-AB46-415451A350AA}.Debug|Any CPU.Build.0 = Debug|Any CPU
		{44E86AB6-52C7-422C-AB46-415451A350AA}.Debug|Any CPU.Deploy.0 = Debug|Any CPU
		{44E86AB6-52C7-422C-AB46-415451A350AA}.Debug|ARM.ActiveCfg = Debug|Any CPU
		{44E86AB6-52C7-422C-AB46-415451A350AA}.Debug|ARM.Build.0 = Debug|Any CPU
		{44E86AB6-52C7-422C-AB46-415451A350AA}.Debug|ARM.Deploy.0 = Debug|Any CPU
		{44E86AB6-52C7-422C-AB46-415451A350AA}.Debug|iPhone.ActiveCfg = Debug|Any CPU
		{44E86AB6-52C7-422C-AB46-415451A350AA}.Debug|iPhone.Build.0 = Debug|Any CPU
		{44E86AB6-52C7-422C-AB46-415451A350AA}.Debug|iPhone.Deploy.0 = Debug|Any CPU
		{44E86AB6-52C7-422C-AB46-415451A350AA}.Debug|iPhoneSimulator.ActiveCfg = Debug|Any CPU
		{44E86AB6-52C7-422C-AB46-415451A350AA}.Debug|iPhoneSimulator.Build.0 = Debug|Any CPU
		{44E86AB6-52C7-422C-AB46-415451A350AA}.Debug|iPhoneSimulator.Deploy.0 = Debug|Any CPU
		{44E86AB6-52C7-422C-AB46-415451A350AA}.Debug|x64.ActiveCfg = Debug|Any CPU
		{44E86AB6-52C7-422C-AB46-415451A350AA}.Debug|x64.Build.0 = Debug|Any CPU
		{44E86AB6-52C7-422C-AB46-415451A350AA}.Debug|x64.Deploy.0 = Debug|Any CPU
		{44E86AB6-52C7-422C-AB46-415451A350AA}.Debug|x86.ActiveCfg = Debug|Any CPU
		{44E86AB6-52C7-422C-AB46-415451A350AA}.Debug|x86.Build.0 = Debug|Any CPU
		{44E86AB6-52C7-422C-AB46-415451A350AA}.Debug|x86.Deploy.0 = Debug|Any CPU
		{44E86AB6-52C7-422C-AB46-415451A350AA}.Release|Any CPU.ActiveCfg = Release|Any CPU
		{44E86AB6-52C7-422C-AB46-415451A350AA}.Release|Any CPU.Build.0 = Release|Any CPU
		{44E86AB6-52C7-422C-AB46-415451A350AA}.Release|Any CPU.Deploy.0 = Release|Any CPU
		{44E86AB6-52C7-422C-AB46-415451A350AA}.Release|ARM.ActiveCfg = Release|Any CPU
		{44E86AB6-52C7-422C-AB46-415451A350AA}.Release|ARM.Build.0 = Release|Any CPU
		{44E86AB6-52C7-422C-AB46-415451A350AA}.Release|ARM.Deploy.0 = Release|Any CPU
		{44E86AB6-52C7-422C-AB46-415451A350AA}.Release|iPhone.ActiveCfg = Release|Any CPU
		{44E86AB6-52C7-422C-AB46-415451A350AA}.Release|iPhone.Build.0 = Release|Any CPU
		{44E86AB6-52C7-422C-AB46-415451A350AA}.Release|iPhone.Deploy.0 = Release|Any CPU
		{44E86AB6-52C7-422C-AB46-415451A350AA}.Release|iPhoneSimulator.ActiveCfg = Release|Any CPU
		{44E86AB6-52C7-422C-AB46-415451A350AA}.Release|iPhoneSimulator.Build.0 = Release|Any CPU
		{44E86AB6-52C7-422C-AB46-415451A350AA}.Release|iPhoneSimulator.Deploy.0 = Release|Any CPU
		{44E86AB6-52C7-422C-AB46-415451A350AA}.Release|x64.ActiveCfg = Release|Any CPU
		{44E86AB6-52C7-422C-AB46-415451A350AA}.Release|x64.Build.0 = Release|Any CPU
		{44E86AB6-52C7-422C-AB46-415451A350AA}.Release|x64.Deploy.0 = Release|Any CPU
		{44E86AB6-52C7-422C-AB46-415451A350AA}.Release|x86.ActiveCfg = Release|Any CPU
		{44E86AB6-52C7-422C-AB46-415451A350AA}.Release|x86.Build.0 = Release|Any CPU
		{44E86AB6-52C7-422C-AB46-415451A350AA}.Release|x86.Deploy.0 = Release|Any CPU
		{F2ED3A9D-8548-43FF-8DE5-3B946252052E}.Ad-Hoc|Any CPU.ActiveCfg = Release|Any CPU
		{F2ED3A9D-8548-43FF-8DE5-3B946252052E}.Ad-Hoc|Any CPU.Build.0 = Release|Any CPU
		{F2ED3A9D-8548-43FF-8DE5-3B946252052E}.Ad-Hoc|Any CPU.Deploy.0 = Release|Any CPU
		{F2ED3A9D-8548-43FF-8DE5-3B946252052E}.Ad-Hoc|ARM.ActiveCfg = Release|ARM
		{F2ED3A9D-8548-43FF-8DE5-3B946252052E}.Ad-Hoc|ARM.Build.0 = Release|ARM
		{F2ED3A9D-8548-43FF-8DE5-3B946252052E}.Ad-Hoc|ARM.Deploy.0 = Release|ARM
		{F2ED3A9D-8548-43FF-8DE5-3B946252052E}.Ad-Hoc|iPhone.ActiveCfg = Release|Any CPU
		{F2ED3A9D-8548-43FF-8DE5-3B946252052E}.Ad-Hoc|iPhone.Build.0 = Release|Any CPU
		{F2ED3A9D-8548-43FF-8DE5-3B946252052E}.Ad-Hoc|iPhone.Deploy.0 = Release|Any CPU
		{F2ED3A9D-8548-43FF-8DE5-3B946252052E}.Ad-Hoc|iPhoneSimulator.ActiveCfg = Release|Any CPU
		{F2ED3A9D-8548-43FF-8DE5-3B946252052E}.Ad-Hoc|iPhoneSimulator.Build.0 = Release|Any CPU
		{F2ED3A9D-8548-43FF-8DE5-3B946252052E}.Ad-Hoc|iPhoneSimulator.Deploy.0 = Release|Any CPU
		{F2ED3A9D-8548-43FF-8DE5-3B946252052E}.Ad-Hoc|x64.ActiveCfg = Debug|Any CPU
		{F2ED3A9D-8548-43FF-8DE5-3B946252052E}.Ad-Hoc|x64.Build.0 = Debug|Any CPU
		{F2ED3A9D-8548-43FF-8DE5-3B946252052E}.Ad-Hoc|x64.Deploy.0 = Debug|Any CPU
		{F2ED3A9D-8548-43FF-8DE5-3B946252052E}.Ad-Hoc|x86.ActiveCfg = Release|x86
		{F2ED3A9D-8548-43FF-8DE5-3B946252052E}.Ad-Hoc|x86.Build.0 = Release|x86
		{F2ED3A9D-8548-43FF-8DE5-3B946252052E}.Ad-Hoc|x86.Deploy.0 = Release|x86
		{F2ED3A9D-8548-43FF-8DE5-3B946252052E}.AppStore|Any CPU.ActiveCfg = Release|Any CPU
		{F2ED3A9D-8548-43FF-8DE5-3B946252052E}.AppStore|Any CPU.Build.0 = Release|Any CPU
		{F2ED3A9D-8548-43FF-8DE5-3B946252052E}.AppStore|Any CPU.Deploy.0 = Release|Any CPU
		{F2ED3A9D-8548-43FF-8DE5-3B946252052E}.AppStore|ARM.ActiveCfg = Release|ARM
		{F2ED3A9D-8548-43FF-8DE5-3B946252052E}.AppStore|ARM.Build.0 = Release|ARM
		{F2ED3A9D-8548-43FF-8DE5-3B946252052E}.AppStore|ARM.Deploy.0 = Release|ARM
		{F2ED3A9D-8548-43FF-8DE5-3B946252052E}.AppStore|iPhone.ActiveCfg = Release|Any CPU
		{F2ED3A9D-8548-43FF-8DE5-3B946252052E}.AppStore|iPhone.Build.0 = Release|Any CPU
		{F2ED3A9D-8548-43FF-8DE5-3B946252052E}.AppStore|iPhone.Deploy.0 = Release|Any CPU
		{F2ED3A9D-8548-43FF-8DE5-3B946252052E}.AppStore|iPhoneSimulator.ActiveCfg = Release|Any CPU
		{F2ED3A9D-8548-43FF-8DE5-3B946252052E}.AppStore|iPhoneSimulator.Build.0 = Release|Any CPU
		{F2ED3A9D-8548-43FF-8DE5-3B946252052E}.AppStore|iPhoneSimulator.Deploy.0 = Release|Any CPU
		{F2ED3A9D-8548-43FF-8DE5-3B946252052E}.AppStore|x64.ActiveCfg = Debug|Any CPU
		{F2ED3A9D-8548-43FF-8DE5-3B946252052E}.AppStore|x64.Build.0 = Debug|Any CPU
		{F2ED3A9D-8548-43FF-8DE5-3B946252052E}.AppStore|x64.Deploy.0 = Debug|Any CPU
		{F2ED3A9D-8548-43FF-8DE5-3B946252052E}.AppStore|x86.ActiveCfg = Release|x86
		{F2ED3A9D-8548-43FF-8DE5-3B946252052E}.AppStore|x86.Build.0 = Release|x86
		{F2ED3A9D-8548-43FF-8DE5-3B946252052E}.AppStore|x86.Deploy.0 = Release|x86
		{F2ED3A9D-8548-43FF-8DE5-3B946252052E}.Debug|Any CPU.ActiveCfg = Debug|Any CPU
		{F2ED3A9D-8548-43FF-8DE5-3B946252052E}.Debug|Any CPU.Build.0 = Debug|Any CPU
		{F2ED3A9D-8548-43FF-8DE5-3B946252052E}.Debug|Any CPU.Deploy.0 = Debug|Any CPU
		{F2ED3A9D-8548-43FF-8DE5-3B946252052E}.Debug|ARM.ActiveCfg = Debug|ARM
		{F2ED3A9D-8548-43FF-8DE5-3B946252052E}.Debug|ARM.Build.0 = Debug|ARM
		{F2ED3A9D-8548-43FF-8DE5-3B946252052E}.Debug|ARM.Deploy.0 = Debug|ARM
		{F2ED3A9D-8548-43FF-8DE5-3B946252052E}.Debug|iPhone.ActiveCfg = Debug|Any CPU
		{F2ED3A9D-8548-43FF-8DE5-3B946252052E}.Debug|iPhone.Build.0 = Debug|Any CPU
		{F2ED3A9D-8548-43FF-8DE5-3B946252052E}.Debug|iPhone.Deploy.0 = Debug|Any CPU
		{F2ED3A9D-8548-43FF-8DE5-3B946252052E}.Debug|iPhoneSimulator.ActiveCfg = Debug|Any CPU
		{F2ED3A9D-8548-43FF-8DE5-3B946252052E}.Debug|iPhoneSimulator.Build.0 = Debug|Any CPU
		{F2ED3A9D-8548-43FF-8DE5-3B946252052E}.Debug|iPhoneSimulator.Deploy.0 = Debug|Any CPU
		{F2ED3A9D-8548-43FF-8DE5-3B946252052E}.Debug|x64.ActiveCfg = Debug|Any CPU
		{F2ED3A9D-8548-43FF-8DE5-3B946252052E}.Debug|x64.Build.0 = Debug|Any CPU
		{F2ED3A9D-8548-43FF-8DE5-3B946252052E}.Debug|x64.Deploy.0 = Debug|Any CPU
		{F2ED3A9D-8548-43FF-8DE5-3B946252052E}.Debug|x86.ActiveCfg = Debug|x86
		{F2ED3A9D-8548-43FF-8DE5-3B946252052E}.Debug|x86.Build.0 = Debug|x86
		{F2ED3A9D-8548-43FF-8DE5-3B946252052E}.Debug|x86.Deploy.0 = Debug|x86
		{F2ED3A9D-8548-43FF-8DE5-3B946252052E}.Release|Any CPU.ActiveCfg = Release|Any CPU
		{F2ED3A9D-8548-43FF-8DE5-3B946252052E}.Release|Any CPU.Build.0 = Release|Any CPU
		{F2ED3A9D-8548-43FF-8DE5-3B946252052E}.Release|Any CPU.Deploy.0 = Release|Any CPU
		{F2ED3A9D-8548-43FF-8DE5-3B946252052E}.Release|ARM.ActiveCfg = Release|ARM
		{F2ED3A9D-8548-43FF-8DE5-3B946252052E}.Release|ARM.Build.0 = Release|ARM
		{F2ED3A9D-8548-43FF-8DE5-3B946252052E}.Release|ARM.Deploy.0 = Release|ARM
		{F2ED3A9D-8548-43FF-8DE5-3B946252052E}.Release|iPhone.ActiveCfg = Release|Any CPU
		{F2ED3A9D-8548-43FF-8DE5-3B946252052E}.Release|iPhone.Build.0 = Release|Any CPU
		{F2ED3A9D-8548-43FF-8DE5-3B946252052E}.Release|iPhone.Deploy.0 = Release|Any CPU
		{F2ED3A9D-8548-43FF-8DE5-3B946252052E}.Release|iPhoneSimulator.ActiveCfg = Release|Any CPU
		{F2ED3A9D-8548-43FF-8DE5-3B946252052E}.Release|iPhoneSimulator.Build.0 = Release|Any CPU
		{F2ED3A9D-8548-43FF-8DE5-3B946252052E}.Release|iPhoneSimulator.Deploy.0 = Release|Any CPU
		{F2ED3A9D-8548-43FF-8DE5-3B946252052E}.Release|x64.ActiveCfg = Release|Any CPU
		{F2ED3A9D-8548-43FF-8DE5-3B946252052E}.Release|x64.Build.0 = Release|Any CPU
		{F2ED3A9D-8548-43FF-8DE5-3B946252052E}.Release|x64.Deploy.0 = Release|Any CPU
		{F2ED3A9D-8548-43FF-8DE5-3B946252052E}.Release|x86.ActiveCfg = Release|x86
		{F2ED3A9D-8548-43FF-8DE5-3B946252052E}.Release|x86.Build.0 = Release|x86
		{F2ED3A9D-8548-43FF-8DE5-3B946252052E}.Release|x86.Deploy.0 = Release|x86
		{687E62A9-2738-4A80-A27F-C43436AEFD9C}.Ad-Hoc|Any CPU.ActiveCfg = Release|x64
		{687E62A9-2738-4A80-A27F-C43436AEFD9C}.Ad-Hoc|Any CPU.Build.0 = Release|x64
		{687E62A9-2738-4A80-A27F-C43436AEFD9C}.Ad-Hoc|Any CPU.Deploy.0 = Release|x64
		{687E62A9-2738-4A80-A27F-C43436AEFD9C}.Ad-Hoc|ARM.ActiveCfg = Release|ARM
		{687E62A9-2738-4A80-A27F-C43436AEFD9C}.Ad-Hoc|ARM.Build.0 = Release|ARM
		{687E62A9-2738-4A80-A27F-C43436AEFD9C}.Ad-Hoc|ARM.Deploy.0 = Release|ARM
		{687E62A9-2738-4A80-A27F-C43436AEFD9C}.Ad-Hoc|iPhone.ActiveCfg = Release|x64
		{687E62A9-2738-4A80-A27F-C43436AEFD9C}.Ad-Hoc|iPhone.Build.0 = Release|x64
		{687E62A9-2738-4A80-A27F-C43436AEFD9C}.Ad-Hoc|iPhone.Deploy.0 = Release|x64
		{687E62A9-2738-4A80-A27F-C43436AEFD9C}.Ad-Hoc|iPhoneSimulator.ActiveCfg = Release|x64
		{687E62A9-2738-4A80-A27F-C43436AEFD9C}.Ad-Hoc|iPhoneSimulator.Build.0 = Release|x64
		{687E62A9-2738-4A80-A27F-C43436AEFD9C}.Ad-Hoc|iPhoneSimulator.Deploy.0 = Release|x64
		{687E62A9-2738-4A80-A27F-C43436AEFD9C}.Ad-Hoc|x64.ActiveCfg = Release|x64
		{687E62A9-2738-4A80-A27F-C43436AEFD9C}.Ad-Hoc|x64.Build.0 = Release|x64
		{687E62A9-2738-4A80-A27F-C43436AEFD9C}.Ad-Hoc|x64.Deploy.0 = Release|x64
		{687E62A9-2738-4A80-A27F-C43436AEFD9C}.Ad-Hoc|x86.ActiveCfg = Release|x86
		{687E62A9-2738-4A80-A27F-C43436AEFD9C}.Ad-Hoc|x86.Build.0 = Release|x86
		{687E62A9-2738-4A80-A27F-C43436AEFD9C}.Ad-Hoc|x86.Deploy.0 = Release|x86
		{687E62A9-2738-4A80-A27F-C43436AEFD9C}.AppStore|Any CPU.ActiveCfg = Release|x64
		{687E62A9-2738-4A80-A27F-C43436AEFD9C}.AppStore|Any CPU.Build.0 = Release|x64
		{687E62A9-2738-4A80-A27F-C43436AEFD9C}.AppStore|Any CPU.Deploy.0 = Release|x64
		{687E62A9-2738-4A80-A27F-C43436AEFD9C}.AppStore|ARM.ActiveCfg = Release|ARM
		{687E62A9-2738-4A80-A27F-C43436AEFD9C}.AppStore|ARM.Build.0 = Release|ARM
		{687E62A9-2738-4A80-A27F-C43436AEFD9C}.AppStore|ARM.Deploy.0 = Release|ARM
		{687E62A9-2738-4A80-A27F-C43436AEFD9C}.AppStore|iPhone.ActiveCfg = Release|x64
		{687E62A9-2738-4A80-A27F-C43436AEFD9C}.AppStore|iPhone.Build.0 = Release|x64
		{687E62A9-2738-4A80-A27F-C43436AEFD9C}.AppStore|iPhone.Deploy.0 = Release|x64
		{687E62A9-2738-4A80-A27F-C43436AEFD9C}.AppStore|iPhoneSimulator.ActiveCfg = Release|x64
		{687E62A9-2738-4A80-A27F-C43436AEFD9C}.AppStore|iPhoneSimulator.Build.0 = Release|x64
		{687E62A9-2738-4A80-A27F-C43436AEFD9C}.AppStore|iPhoneSimulator.Deploy.0 = Release|x64
		{687E62A9-2738-4A80-A27F-C43436AEFD9C}.AppStore|x64.ActiveCfg = Release|x64
		{687E62A9-2738-4A80-A27F-C43436AEFD9C}.AppStore|x64.Build.0 = Release|x64
		{687E62A9-2738-4A80-A27F-C43436AEFD9C}.AppStore|x64.Deploy.0 = Release|x64
		{687E62A9-2738-4A80-A27F-C43436AEFD9C}.AppStore|x86.ActiveCfg = Release|x86
		{687E62A9-2738-4A80-A27F-C43436AEFD9C}.AppStore|x86.Build.0 = Release|x86
		{687E62A9-2738-4A80-A27F-C43436AEFD9C}.AppStore|x86.Deploy.0 = Release|x86
		{687E62A9-2738-4A80-A27F-C43436AEFD9C}.Debug|Any CPU.ActiveCfg = Debug|x86
		{687E62A9-2738-4A80-A27F-C43436AEFD9C}.Debug|ARM.ActiveCfg = Debug|ARM
		{687E62A9-2738-4A80-A27F-C43436AEFD9C}.Debug|ARM.Build.0 = Debug|ARM
		{687E62A9-2738-4A80-A27F-C43436AEFD9C}.Debug|ARM.Deploy.0 = Debug|ARM
		{687E62A9-2738-4A80-A27F-C43436AEFD9C}.Debug|iPhone.ActiveCfg = Debug|ARM
		{687E62A9-2738-4A80-A27F-C43436AEFD9C}.Debug|iPhone.Build.0 = Debug|ARM
		{687E62A9-2738-4A80-A27F-C43436AEFD9C}.Debug|iPhone.Deploy.0 = Debug|ARM
		{687E62A9-2738-4A80-A27F-C43436AEFD9C}.Debug|iPhoneSimulator.ActiveCfg = Debug|x86
		{687E62A9-2738-4A80-A27F-C43436AEFD9C}.Debug|x64.ActiveCfg = Debug|x64
		{687E62A9-2738-4A80-A27F-C43436AEFD9C}.Debug|x64.Build.0 = Debug|x64
		{687E62A9-2738-4A80-A27F-C43436AEFD9C}.Debug|x64.Deploy.0 = Debug|x64
		{687E62A9-2738-4A80-A27F-C43436AEFD9C}.Debug|x86.ActiveCfg = Debug|x86
		{687E62A9-2738-4A80-A27F-C43436AEFD9C}.Debug|x86.Build.0 = Debug|x86
		{687E62A9-2738-4A80-A27F-C43436AEFD9C}.Debug|x86.Deploy.0 = Debug|x86
		{687E62A9-2738-4A80-A27F-C43436AEFD9C}.Release|Any CPU.ActiveCfg = Release|x86
		{687E62A9-2738-4A80-A27F-C43436AEFD9C}.Release|Any CPU.Build.0 = Release|x86
		{687E62A9-2738-4A80-A27F-C43436AEFD9C}.Release|Any CPU.Deploy.0 = Release|x86
		{687E62A9-2738-4A80-A27F-C43436AEFD9C}.Release|ARM.ActiveCfg = Release|ARM
		{687E62A9-2738-4A80-A27F-C43436AEFD9C}.Release|ARM.Build.0 = Release|ARM
		{687E62A9-2738-4A80-A27F-C43436AEFD9C}.Release|ARM.Deploy.0 = Release|ARM
		{687E62A9-2738-4A80-A27F-C43436AEFD9C}.Release|iPhone.ActiveCfg = Release|x86
		{687E62A9-2738-4A80-A27F-C43436AEFD9C}.Release|iPhone.Build.0 = Release|x86
		{687E62A9-2738-4A80-A27F-C43436AEFD9C}.Release|iPhone.Deploy.0 = Release|x86
		{687E62A9-2738-4A80-A27F-C43436AEFD9C}.Release|iPhoneSimulator.ActiveCfg = Release|x86
		{687E62A9-2738-4A80-A27F-C43436AEFD9C}.Release|x64.ActiveCfg = Release|x64
		{687E62A9-2738-4A80-A27F-C43436AEFD9C}.Release|x64.Build.0 = Release|x64
		{687E62A9-2738-4A80-A27F-C43436AEFD9C}.Release|x64.Deploy.0 = Release|x64
		{687E62A9-2738-4A80-A27F-C43436AEFD9C}.Release|x86.ActiveCfg = Release|x86
		{687E62A9-2738-4A80-A27F-C43436AEFD9C}.Release|x86.Build.0 = Release|x86
		{687E62A9-2738-4A80-A27F-C43436AEFD9C}.Release|x86.Deploy.0 = Release|x86
		{B1D6F70C-BA1F-47D7-ADD5-5B8A6DD54E54}.Ad-Hoc|Any CPU.ActiveCfg = Release|Any CPU
		{B1D6F70C-BA1F-47D7-ADD5-5B8A6DD54E54}.Ad-Hoc|Any CPU.Build.0 = Release|Any CPU
		{B1D6F70C-BA1F-47D7-ADD5-5B8A6DD54E54}.Ad-Hoc|ARM.ActiveCfg = Release|Any CPU
		{B1D6F70C-BA1F-47D7-ADD5-5B8A6DD54E54}.Ad-Hoc|ARM.Build.0 = Release|Any CPU
		{B1D6F70C-BA1F-47D7-ADD5-5B8A6DD54E54}.Ad-Hoc|iPhone.ActiveCfg = Release|Any CPU
		{B1D6F70C-BA1F-47D7-ADD5-5B8A6DD54E54}.Ad-Hoc|iPhone.Build.0 = Release|Any CPU
		{B1D6F70C-BA1F-47D7-ADD5-5B8A6DD54E54}.Ad-Hoc|iPhoneSimulator.ActiveCfg = Release|Any CPU
		{B1D6F70C-BA1F-47D7-ADD5-5B8A6DD54E54}.Ad-Hoc|iPhoneSimulator.Build.0 = Release|Any CPU
		{B1D6F70C-BA1F-47D7-ADD5-5B8A6DD54E54}.Ad-Hoc|x64.ActiveCfg = Release|Any CPU
		{B1D6F70C-BA1F-47D7-ADD5-5B8A6DD54E54}.Ad-Hoc|x64.Build.0 = Release|Any CPU
		{B1D6F70C-BA1F-47D7-ADD5-5B8A6DD54E54}.Ad-Hoc|x86.ActiveCfg = Release|Any CPU
		{B1D6F70C-BA1F-47D7-ADD5-5B8A6DD54E54}.Ad-Hoc|x86.Build.0 = Release|Any CPU
		{B1D6F70C-BA1F-47D7-ADD5-5B8A6DD54E54}.AppStore|Any CPU.ActiveCfg = Release|Any CPU
		{B1D6F70C-BA1F-47D7-ADD5-5B8A6DD54E54}.AppStore|Any CPU.Build.0 = Release|Any CPU
		{B1D6F70C-BA1F-47D7-ADD5-5B8A6DD54E54}.AppStore|ARM.ActiveCfg = Release|Any CPU
		{B1D6F70C-BA1F-47D7-ADD5-5B8A6DD54E54}.AppStore|ARM.Build.0 = Release|Any CPU
		{B1D6F70C-BA1F-47D7-ADD5-5B8A6DD54E54}.AppStore|iPhone.ActiveCfg = Release|Any CPU
		{B1D6F70C-BA1F-47D7-ADD5-5B8A6DD54E54}.AppStore|iPhone.Build.0 = Release|Any CPU
		{B1D6F70C-BA1F-47D7-ADD5-5B8A6DD54E54}.AppStore|iPhoneSimulator.ActiveCfg = Release|Any CPU
		{B1D6F70C-BA1F-47D7-ADD5-5B8A6DD54E54}.AppStore|iPhoneSimulator.Build.0 = Release|Any CPU
		{B1D6F70C-BA1F-47D7-ADD5-5B8A6DD54E54}.AppStore|x64.ActiveCfg = Release|Any CPU
		{B1D6F70C-BA1F-47D7-ADD5-5B8A6DD54E54}.AppStore|x64.Build.0 = Release|Any CPU
		{B1D6F70C-BA1F-47D7-ADD5-5B8A6DD54E54}.AppStore|x86.ActiveCfg = Release|Any CPU
		{B1D6F70C-BA1F-47D7-ADD5-5B8A6DD54E54}.AppStore|x86.Build.0 = Release|Any CPU
		{B1D6F70C-BA1F-47D7-ADD5-5B8A6DD54E54}.Debug|Any CPU.ActiveCfg = Debug|Any CPU
		{B1D6F70C-BA1F-47D7-ADD5-5B8A6DD54E54}.Debug|Any CPU.Build.0 = Debug|Any CPU
		{B1D6F70C-BA1F-47D7-ADD5-5B8A6DD54E54}.Debug|ARM.ActiveCfg = Debug|Any CPU
		{B1D6F70C-BA1F-47D7-ADD5-5B8A6DD54E54}.Debug|ARM.Build.0 = Debug|Any CPU
		{B1D6F70C-BA1F-47D7-ADD5-5B8A6DD54E54}.Debug|iPhone.ActiveCfg = Debug|Any CPU
		{B1D6F70C-BA1F-47D7-ADD5-5B8A6DD54E54}.Debug|iPhone.Build.0 = Debug|Any CPU
		{B1D6F70C-BA1F-47D7-ADD5-5B8A6DD54E54}.Debug|iPhoneSimulator.ActiveCfg = Debug|Any CPU
		{B1D6F70C-BA1F-47D7-ADD5-5B8A6DD54E54}.Debug|iPhoneSimulator.Build.0 = Debug|Any CPU
		{B1D6F70C-BA1F-47D7-ADD5-5B8A6DD54E54}.Debug|x64.ActiveCfg = Debug|Any CPU
		{B1D6F70C-BA1F-47D7-ADD5-5B8A6DD54E54}.Debug|x64.Build.0 = Debug|Any CPU
		{B1D6F70C-BA1F-47D7-ADD5-5B8A6DD54E54}.Debug|x86.ActiveCfg = Debug|Any CPU
		{B1D6F70C-BA1F-47D7-ADD5-5B8A6DD54E54}.Debug|x86.Build.0 = Debug|Any CPU
		{B1D6F70C-BA1F-47D7-ADD5-5B8A6DD54E54}.Release|Any CPU.ActiveCfg = Release|Any CPU
		{B1D6F70C-BA1F-47D7-ADD5-5B8A6DD54E54}.Release|Any CPU.Build.0 = Release|Any CPU
		{B1D6F70C-BA1F-47D7-ADD5-5B8A6DD54E54}.Release|ARM.ActiveCfg = Release|Any CPU
		{B1D6F70C-BA1F-47D7-ADD5-5B8A6DD54E54}.Release|ARM.Build.0 = Release|Any CPU
		{B1D6F70C-BA1F-47D7-ADD5-5B8A6DD54E54}.Release|iPhone.ActiveCfg = Release|Any CPU
		{B1D6F70C-BA1F-47D7-ADD5-5B8A6DD54E54}.Release|iPhone.Build.0 = Release|Any CPU
		{B1D6F70C-BA1F-47D7-ADD5-5B8A6DD54E54}.Release|iPhoneSimulator.ActiveCfg = Release|Any CPU
		{B1D6F70C-BA1F-47D7-ADD5-5B8A6DD54E54}.Release|iPhoneSimulator.Build.0 = Release|Any CPU
		{B1D6F70C-BA1F-47D7-ADD5-5B8A6DD54E54}.Release|x64.ActiveCfg = Release|Any CPU
		{B1D6F70C-BA1F-47D7-ADD5-5B8A6DD54E54}.Release|x64.Build.0 = Release|Any CPU
		{B1D6F70C-BA1F-47D7-ADD5-5B8A6DD54E54}.Release|x86.ActiveCfg = Release|Any CPU
		{B1D6F70C-BA1F-47D7-ADD5-5B8A6DD54E54}.Release|x86.Build.0 = Release|Any CPU
	EndGlobalSection
	GlobalSection(SolutionProperties) = preSolution
		HideSolutionNode = FALSE
	EndGlobalSection
EndGlobal
